
Microsoft Visual Studio Solution File, Format Version 12.00
Project("{2150E333-8FDC-42A3-9474-1A3956D46DE8}") = "src", "src", "{26374180-FF64-4239-9844-D7F07E9CD26D}"
EndProject
Project("{2150E333-8FDC-42A3-9474-1A3956D46DE8}") = "Gateway", "Gateway", "{564690B2-EED3-41E2-A355-62FD2DBC8FBC}"
EndProject
Project("{FAE04EC0-301F-11D3-BF4B-00C04F79EFBC}") = "GatewayApi", "src\Gateway\GatewayApi\GatewayApi.csproj", "{4C87DC16-9856-4BEA-9E99-94F76764F793}"
EndProject
Project("{2150E333-8FDC-42A3-9474-1A3956D46DE8}") = "Identity", "Identity", "{449F2938-5DA9-4FA5-B41C-732AF549E504}"
	ProjectSection(SolutionItems) = preProject
		migrate.sh = migrate.sh
	EndProjectSection
EndProject
Project("{FAE04EC0-301F-11D3-BF4B-00C04F79EFBC}") = "Identity.WebApi", "src\Identity\Identity.WebApi\Identity.WebApi.csproj", "{2F8A7B8E-1CC7-410C-A4C4-018AB1353DB5}"
EndProject
Project("{FAE04EC0-301F-11D3-BF4B-00C04F79EFBC}") = "Identity.Application", "src\Identity\Identity.Application\Identity.Application.csproj", "{5041377A-497A-45C3-8E66-6FE318977856}"
EndProject
Project("{FAE04EC0-301F-11D3-BF4B-00C04F79EFBC}") = "Identity.Infrastructure", "src\Identity\Identity.Infrastructure\Identity.Infrastructure.csproj", "{87204DFC-421D-404E-A456-258F7BE48DE6}"
EndProject
Project("{FAE04EC0-301F-11D3-BF4B-00C04F79EFBC}") = "Identity.Core", "src\Identity\Identity.Core\Identity.Core.csproj", "{52CBC70F-EA8B-4BCA-8B0E-4DF42E62170D}"
EndProject
Project("{2150E333-8FDC-42A3-9474-1A3956D46DE8}") = "FileStorage", "FileStorage", "{81439D4C-F404-4423-8CD9-ABFBDDF3E9CD}"
EndProject
Project("{FAE04EC0-301F-11D3-BF4B-00C04F79EFBC}") = "FileStorage.WebApi", "src\FileStorage\FileStorage.WebApi\FileStorage.WebApi.csproj", "{3F96426F-5CDF-4EAB-A8A5-05B33D392B6C}"
EndProject
Project("{FAE04EC0-301F-11D3-BF4B-00C04F79EFBC}") = "FileStorage.Infrastructure", "src\FileStorage\FileStorage.Infrastructure\FileStorage.Infrastructure.csproj", "{CA804F82-5985-42A2-9CB7-CE102F137640}"
EndProject
Project("{FAE04EC0-301F-11D3-BF4B-00C04F79EFBC}") = "FileStorage.Core", "src\FileStorage\FileStorage.Core\FileStorage.Core.csproj", "{82D3038A-58D7-4BDA-A510-6B3E585F4F89}"
EndProject
Project("{FAE04EC0-301F-11D3-BF4B-00C04F79EFBC}") = "FileStorage.Application", "src\FileStorage\FileStorage.Application\FileStorage.Application.csproj", "{A616C476-FFA9-4D01-99F6-07AFC39C6A83}"
EndProject
Project("{2150E333-8FDC-42A3-9474-1A3956D46DE8}") = "Notification", "Notification", "{FA8D238E-4443-47A7-8805-C6A4D038862C}"
EndProject
Project("{FAE04EC0-301F-11D3-BF4B-00C04F79EFBC}") = "Notification.WebApi", "src\Notification\Notification.WebApi\Notification.WebApi.csproj", "{40EE0368-806A-4F09-8D7D-62389058F54F}"
EndProject
Global
	GlobalSection(SolutionConfigurationPlatforms) = preSolution
		Debug|Any CPU = Debug|Any CPU
		Release|Any CPU = Release|Any CPU
	EndGlobalSection
	GlobalSection(ProjectConfigurationPlatforms) = postSolution
		{4C87DC16-9856-4BEA-9E99-94F76764F793}.Debug|Any CPU.ActiveCfg = Debug|Any CPU
		{4C87DC16-9856-4BEA-9E99-94F76764F793}.Debug|Any CPU.Build.0 = Debug|Any CPU
		{4C87DC16-9856-4BEA-9E99-94F76764F793}.Release|Any CPU.ActiveCfg = Release|Any CPU
		{4C87DC16-9856-4BEA-9E99-94F76764F793}.Release|Any CPU.Build.0 = Release|Any CPU
		{2F8A7B8E-1CC7-410C-A4C4-018AB1353DB5}.Debug|Any CPU.ActiveCfg = Debug|Any CPU
		{2F8A7B8E-1CC7-410C-A4C4-018AB1353DB5}.Debug|Any CPU.Build.0 = Debug|Any CPU
		{2F8A7B8E-1CC7-410C-A4C4-018AB1353DB5}.Release|Any CPU.ActiveCfg = Release|Any CPU
		{2F8A7B8E-1CC7-410C-A4C4-018AB1353DB5}.Release|Any CPU.Build.0 = Release|Any CPU
		{5041377A-497A-45C3-8E66-6FE318977856}.Debug|Any CPU.ActiveCfg = Debug|Any CPU
		{5041377A-497A-45C3-8E66-6FE318977856}.Debug|Any CPU.Build.0 = Debug|Any CPU
		{5041377A-497A-45C3-8E66-6FE318977856}.Release|Any CPU.ActiveCfg = Release|Any CPU
		{5041377A-497A-45C3-8E66-6FE318977856}.Release|Any CPU.Build.0 = Release|Any CPU
		{87204DFC-421D-404E-A456-258F7BE48DE6}.Debug|Any CPU.ActiveCfg = Debug|Any CPU
		{87204DFC-421D-404E-A456-258F7BE48DE6}.Debug|Any CPU.Build.0 = Debug|Any CPU
		{87204DFC-421D-404E-A456-258F7BE48DE6}.Release|Any CPU.ActiveCfg = Release|Any CPU
		{87204DFC-421D-404E-A456-258F7BE48DE6}.Release|Any CPU.Build.0 = Release|Any CPU
		{52CBC70F-EA8B-4BCA-8B0E-4DF42E62170D}.Debug|Any CPU.ActiveCfg = Debug|Any CPU
		{52CBC70F-EA8B-4BCA-8B0E-4DF42E62170D}.Debug|Any CPU.Build.0 = Debug|Any CPU
		{52CBC70F-EA8B-4BCA-8B0E-4DF42E62170D}.Release|Any CPU.ActiveCfg = Release|Any CPU
		{52CBC70F-EA8B-4BCA-8B0E-4DF42E62170D}.Release|Any CPU.Build.0 = Release|Any CPU
		{3F96426F-5CDF-4EAB-A8A5-05B33D392B6C}.Debug|Any CPU.ActiveCfg = Debug|Any CPU
		{3F96426F-5CDF-4EAB-A8A5-05B33D392B6C}.Debug|Any CPU.Build.0 = Debug|Any CPU
		{3F96426F-5CDF-4EAB-A8A5-05B33D392B6C}.Release|Any CPU.ActiveCfg = Release|Any CPU
		{3F96426F-5CDF-4EAB-A8A5-05B33D392B6C}.Release|Any CPU.Build.0 = Release|Any CPU
		{CA804F82-5985-42A2-9CB7-CE102F137640}.Debug|Any CPU.ActiveCfg = Debug|Any CPU
		{CA804F82-5985-42A2-9CB7-CE102F137640}.Debug|Any CPU.Build.0 = Debug|Any CPU
		{CA804F82-5985-42A2-9CB7-CE102F137640}.Release|Any CPU.ActiveCfg = Release|Any CPU
		{CA804F82-5985-42A2-9CB7-CE102F137640}.Release|Any CPU.Build.0 = Release|Any CPU
		{82D3038A-58D7-4BDA-A510-6B3E585F4F89}.Debug|Any CPU.ActiveCfg = Debug|Any CPU
		{82D3038A-58D7-4BDA-A510-6B3E585F4F89}.Debug|Any CPU.Build.0 = Debug|Any CPU
		{82D3038A-58D7-4BDA-A510-6B3E585F4F89}.Release|Any CPU.ActiveCfg = Release|Any CPU
		{82D3038A-58D7-4BDA-A510-6B3E585F4F89}.Release|Any CPU.Build.0 = Release|Any CPU
		{A616C476-FFA9-4D01-99F6-07AFC39C6A83}.Debug|Any CPU.ActiveCfg = Debug|Any CPU
		{A616C476-FFA9-4D01-99F6-07AFC39C6A83}.Debug|Any CPU.Build.0 = Debug|Any CPU
		{A616C476-FFA9-4D01-99F6-07AFC39C6A83}.Release|Any CPU.ActiveCfg = Release|Any CPU
		{A616C476-FFA9-4D01-99F6-07AFC39C6A83}.Release|Any CPU.Build.0 = Release|Any CPU
		{40EE0368-806A-4F09-8D7D-62389058F54F}.Debug|Any CPU.ActiveCfg = Debug|Any CPU
		{40EE0368-806A-4F09-8D7D-62389058F54F}.Debug|Any CPU.Build.0 = Debug|Any CPU
		{40EE0368-806A-4F09-8D7D-62389058F54F}.Release|Any CPU.ActiveCfg = Release|Any CPU
		{40EE0368-806A-4F09-8D7D-62389058F54F}.Release|Any CPU.Build.0 = Release|Any CPU
	EndGlobalSection
	GlobalSection(NestedProjects) = preSolution
		{564690B2-EED3-41E2-A355-62FD2DBC8FBC} = {26374180-FF64-4239-9844-D7F07E9CD26D}
		{4C87DC16-9856-4BEA-9E99-94F76764F793} = {564690B2-EED3-41E2-A355-62FD2DBC8FBC}
		{449F2938-5DA9-4FA5-B41C-732AF549E504} = {26374180-FF64-4239-9844-D7F07E9CD26D}
		{2F8A7B8E-1CC7-410C-A4C4-018AB1353DB5} = {449F2938-5DA9-4FA5-B41C-732AF549E504}
		{5041377A-497A-45C3-8E66-6FE318977856} = {449F2938-5DA9-4FA5-B41C-732AF549E504}
		{87204DFC-421D-404E-A456-258F7BE48DE6} = {449F2938-5DA9-4FA5-B41C-732AF549E504}
		{52CBC70F-EA8B-4BCA-8B0E-4DF42E62170D} = {449F2938-5DA9-4FA5-B41C-732AF549E504}
		{81439D4C-F404-4423-8CD9-ABFBDDF3E9CD} = {26374180-FF64-4239-9844-D7F07E9CD26D}
		{3F96426F-5CDF-4EAB-A8A5-05B33D392B6C} = {81439D4C-F404-4423-8CD9-ABFBDDF3E9CD}
		{CA804F82-5985-42A2-9CB7-CE102F137640} = {81439D4C-F404-4423-8CD9-ABFBDDF3E9CD}
		{82D3038A-58D7-4BDA-A510-6B3E585F4F89} = {81439D4C-F404-4423-8CD9-ABFBDDF3E9CD}
		{A616C476-FFA9-4D01-99F6-07AFC39C6A83} = {81439D4C-F404-4423-8CD9-ABFBDDF3E9CD}
		{FA8D238E-4443-47A7-8805-C6A4D038862C} = {26374180-FF64-4239-9844-D7F07E9CD26D}
		{40EE0368-806A-4F09-8D7D-62389058F54F} = {FA8D238E-4443-47A7-8805-C6A4D038862C}
	EndGlobalSection
EndGlobal
